
Microsoft Visual Studio Solution File, Format Version 12.00
# Visual Studio 15
VisualStudioVersion = 15.0.27428.2005
MinimumVisualStudioVersion = 10.0.40219.1
Project("{9092AA53-FB77-4645-B42D-1CCCA6BD08BD}") = "ReactAndExpressExample", "ReactAndExpressExample\ReactAndExpressExample.njsproj", "{A07F0490-1143-4728-830E-987A6EB79B38}"
EndProject
Global
	GlobalSection(SolutionConfigurationPlatforms) = preSolution
		Debug|Any CPU = Debug|Any CPU
		Release|Any CPU = Release|Any CPU
	EndGlobalSection
	GlobalSection(ProjectConfigurationPlatforms) = postSolution
		{A07F0490-1143-4728-830E-987A6EB79B38}.Debug|Any CPU.ActiveCfg = Debug|Any CPU
		{A07F0490-1143-4728-830E-987A6EB79B38}.Debug|Any CPU.Build.0 = Debug|Any CPU
		{A07F0490-1143-4728-830E-987A6EB79B38}.Release|Any CPU.ActiveCfg = Release|Any CPU
		{A07F0490-1143-4728-830E-987A6EB79B38}.Release|Any CPU.Build.0 = Release|Any CPU
	EndGlobalSection
	GlobalSection(SolutionProperties) = preSolution
		HideSolutionNode = FALSE
	EndGlobalSection
	GlobalSection(ExtensibilityGlobals) = postSolution
		SolutionGuid = {16B37058-C227-4CB8-A9E2-6B2CC3F202D9}
	EndGlobalSection
EndGlobal
